
Microsoft Visual Studio Solution File, Format Version 12.00
# Visual Studio Version 16
VisualStudioVersion = 16.0.30611.23
MinimumVisualStudioVersion = 10.0.40219.1
Project("{FAE04EC0-301F-11D3-BF4B-00C04F79EFBC}") = "ConsoleApp1", "ConsoleApp1.csproj", "{FA8E331F-9607-44EB-8096-EC25017EB5F1}"
EndProject
Project("{FAE04EC0-301F-11D3-BF4B-00C04F79EFBC}") = "ConsoleApp2", "..\ConsoleApp2\ConsoleApp2.csproj", "{20D9CB6B-E3BB-4FA2-BAF1-9533256C8064}"
EndProject
Project("{FAE04EC0-301F-11D3-BF4B-00C04F79EFBC}") = "ConsoleApp3", "..\ConsoleApp3\ConsoleApp3.csproj", "{50CF3E65-3005-430A-A4F3-7CEA9BEA2AD7}"
EndProject
Project("{FAE04EC0-301F-11D3-BF4B-00C04F79EFBC}") = "ConsoleApp4", "..\ConsoleApp4\ConsoleApp4.csproj", "{C165C94C-539D-4F2E-AB93-B0CC7B4006E0}"
EndProject
Global
	GlobalSection(SolutionConfigurationPlatforms) = preSolution
		Debug|Any CPU = Debug|Any CPU
		Release|Any CPU = Release|Any CPU
	EndGlobalSection
	GlobalSection(ProjectConfigurationPlatforms) = postSolution
		{FA8E331F-9607-44EB-8096-EC25017EB5F1}.Debug|Any CPU.ActiveCfg = Debug|Any CPU
		{FA8E331F-9607-44EB-8096-EC25017EB5F1}.Debug|Any CPU.Build.0 = Debug|Any CPU
		{FA8E331F-9607-44EB-8096-EC25017EB5F1}.Release|Any CPU.ActiveCfg = Release|Any CPU
		{FA8E331F-9607-44EB-8096-EC25017EB5F1}.Release|Any CPU.Build.0 = Release|Any CPU
		{20D9CB6B-E3BB-4FA2-BAF1-9533256C8064}.Debug|Any CPU.ActiveCfg = Debug|Any CPU
		{20D9CB6B-E3BB-4FA2-BAF1-9533256C8064}.Debug|Any CPU.Build.0 = Debug|Any CPU
		{20D9CB6B-E3BB-4FA2-BAF1-9533256C8064}.Release|Any CPU.ActiveCfg = Release|Any CPU
		{20D9CB6B-E3BB-4FA2-BAF1-9533256C8064}.Release|Any CPU.Build.0 = Release|Any CPU
		{50CF3E65-3005-430A-A4F3-7CEA9BEA2AD7}.Debug|Any CPU.ActiveCfg = Debug|Any CPU
		{50CF3E65-3005-430A-A4F3-7CEA9BEA2AD7}.Debug|Any CPU.Build.0 = Debug|Any CPU
		{50CF3E65-3005-430A-A4F3-7CEA9BEA2AD7}.Release|Any CPU.ActiveCfg = Release|Any CPU
		{50CF3E65-3005-430A-A4F3-7CEA9BEA2AD7}.Release|Any CPU.Build.0 = Release|Any CPU
		{C165C94C-539D-4F2E-AB93-B0CC7B4006E0}.Debug|Any CPU.ActiveCfg = Debug|Any CPU
		{C165C94C-539D-4F2E-AB93-B0CC7B4006E0}.Debug|Any CPU.Build.0 = Debug|Any CPU
		{C165C94C-539D-4F2E-AB93-B0CC7B4006E0}.Release|Any CPU.ActiveCfg = Release|Any CPU
		{C165C94C-539D-4F2E-AB93-B0CC7B4006E0}.Release|Any CPU.Build.0 = Release|Any CPU
	EndGlobalSection
	GlobalSection(SolutionProperties) = preSolution
		HideSolutionNode = FALSE
	EndGlobalSection
	GlobalSection(ExtensibilityGlobals) = postSolution
		SolutionGuid = {420FA368-7619-4B8F-AD00-1673E44C6B80}
	EndGlobalSection
EndGlobal
